
Microsoft Visual Studio Solution File, Format Version 12.00
# Visual Studio 15
VisualStudioVersion = 15.0.27130.2026
MinimumVisualStudioVersion = 10.0.40219.1
Project("{FAE04EC0-301F-11D3-BF4B-00C04F79EFBC}") = "SapSplit", "SapSplit\SapSplit.csproj", "{0BCEAE98-5439-426C-9087-7A6A0653DAED}"
	ProjectSection(ProjectDependencies) = postProject
		{227C3FE7-9B5A-415C-9435-FE02A1436190} = {227C3FE7-9B5A-415C-9435-FE02A1436190}
	EndProjectSection
EndProject
Project("{FAE04EC0-301F-11D3-BF4B-00C04F79EFBC}") = "Tools704", "Tools\Tools704.csproj", "{227C3FE7-9B5A-415C-9435-FE02A1436190}"
EndProject
Project("{FAE04EC0-301F-11D3-BF4B-00C04F79EFBC}") = "ShowCards", "ShowCards\ShowCards.csproj", "{FA728683-55BF-49D7-83C6-4268464FFE35}"
EndProject
Project("{FAE04EC0-301F-11D3-BF4B-00C04F79EFBC}") = "RemoveTransfercard", "StripTransfercard\RemoveTransfercard.csproj", "{6851C64F-DD41-4C74-810F-266CB6C2EFEE}"
EndProject
Project("{FAE04EC0-301F-11D3-BF4B-00C04F79EFBC}") = "Punch", "Punch\Punch.csproj", "{B43F197D-D240-4140-8D6B-47860FE8FB94}"
EndProject
Project("{FAE04EC0-301F-11D3-BF4B-00C04F79EFBC}") = "ShowHCards", "ShowHCards\ShowHCards.csproj", "{4B0249E8-F75F-46D9-B0F2-703FEE56DC24}"
EndProject
Project("{FAE04EC0-301F-11D3-BF4B-00C04F79EFBC}") = "TapeExtract", "TapeExtract\TapeExtract.csproj", "{133F4A37-CAC0-4D7A-9FA8-ED6F72F81AC0}"
EndProject
Project("{FAE04EC0-301F-11D3-BF4B-00C04F79EFBC}") = "ShowTape", "ShowTape\ShowTape.csproj", "{2A6C5B67-A7F7-4534-A3E4-597FF95A23AD}"
EndProject
Project("{FAE04EC0-301F-11D3-BF4B-00C04F79EFBC}") = "ShowFCards", "ShowFCards\ShowFCards.csproj", "{616D141A-2BFF-4E5D-AE69-E68A30889711}"
EndProject
Project("{FAE04EC0-301F-11D3-BF4B-00C04F79EFBC}") = "WriteTape", "WriteTape\WriteTape.csproj", "{CBB5DAC2-A02D-47B6-8E20-B1696D550C11}"
EndProject
Project("{FAE04EC0-301F-11D3-BF4B-00C04F79EFBC}") = "CopyCards", "CopyCards\CopyCards.csproj", "{4F186087-86BE-46D4-91EB-30B15DF99096}"
EndProject
Project("{FAE04EC0-301F-11D3-BF4B-00C04F79EFBC}") = "MasterTape", "MasterTape\MasterTape.csproj", "{0ECF0E28-70FE-4F05-83E2-BA8951FA9438}"
EndProject
Project("{FAE04EC0-301F-11D3-BF4B-00C04F79EFBC}") = "PatchCard", "Patch\PatchCard.csproj", "{A5598ED9-5C57-4AEC-94D7-3BB461D316B7}"
EndProject
Project("{FAE04EC0-301F-11D3-BF4B-00C04F79EFBC}") = "Tp2p7b", "Tap2p7b\Tp2p7b.csproj", "{FFEB3907-0441-4565-9B03-BEEF83A31D84}"
EndProject
Project("{FAE04EC0-301F-11D3-BF4B-00C04F79EFBC}") = "CleanDeck", "CleanDeck\CleanDeck.csproj", "{F8526082-AC02-4F5D-94E4-4D841E299562}"
EndProject
Project("{FAE04EC0-301F-11D3-BF4B-00C04F79EFBC}") = "SplitDeck", "SplitDeck\SplitDeck.csproj", "{19F2829F-FA78-4EC4-BD6E-91B8A7DD4E4C}"
EndProject
Global
	GlobalSection(SolutionConfigurationPlatforms) = preSolution
		Debug|Any CPU = Debug|Any CPU
		Debug|x64 = Debug|x64
		Debug|x86 = Debug|x86
		Release|Any CPU = Release|Any CPU
		Release|x64 = Release|x64
		Release|x86 = Release|x86
	EndGlobalSection
	GlobalSection(ProjectConfigurationPlatforms) = postSolution
		{0BCEAE98-5439-426C-9087-7A6A0653DAED}.Debug|Any CPU.ActiveCfg = Debug|Any CPU
		{0BCEAE98-5439-426C-9087-7A6A0653DAED}.Debug|Any CPU.Build.0 = Debug|Any CPU
		{0BCEAE98-5439-426C-9087-7A6A0653DAED}.Debug|x64.ActiveCfg = Debug|Any CPU
		{0BCEAE98-5439-426C-9087-7A6A0653DAED}.Debug|x64.Build.0 = Debug|Any CPU
		{0BCEAE98-5439-426C-9087-7A6A0653DAED}.Debug|x86.ActiveCfg = Debug|Any CPU
		{0BCEAE98-5439-426C-9087-7A6A0653DAED}.Debug|x86.Build.0 = Debug|Any CPU
		{0BCEAE98-5439-426C-9087-7A6A0653DAED}.Release|Any CPU.ActiveCfg = Release|Any CPU
		{0BCEAE98-5439-426C-9087-7A6A0653DAED}.Release|Any CPU.Build.0 = Release|Any CPU
		{0BCEAE98-5439-426C-9087-7A6A0653DAED}.Release|x64.ActiveCfg = Release|Any CPU
		{0BCEAE98-5439-426C-9087-7A6A0653DAED}.Release|x64.Build.0 = Release|Any CPU
		{0BCEAE98-5439-426C-9087-7A6A0653DAED}.Release|x86.ActiveCfg = Release|Any CPU
		{0BCEAE98-5439-426C-9087-7A6A0653DAED}.Release|x86.Build.0 = Release|Any CPU
		{227C3FE7-9B5A-415C-9435-FE02A1436190}.Debug|Any CPU.ActiveCfg = Debug|Any CPU
		{227C3FE7-9B5A-415C-9435-FE02A1436190}.Debug|Any CPU.Build.0 = Debug|Any CPU
		{227C3FE7-9B5A-415C-9435-FE02A1436190}.Debug|x64.ActiveCfg = Debug|Any CPU
		{227C3FE7-9B5A-415C-9435-FE02A1436190}.Debug|x64.Build.0 = Debug|Any CPU
		{227C3FE7-9B5A-415C-9435-FE02A1436190}.Debug|x86.ActiveCfg = Debug|Any CPU
		{227C3FE7-9B5A-415C-9435-FE02A1436190}.Debug|x86.Build.0 = Debug|Any CPU
		{227C3FE7-9B5A-415C-9435-FE02A1436190}.Release|Any CPU.ActiveCfg = Release|Any CPU
		{227C3FE7-9B5A-415C-9435-FE02A1436190}.Release|Any CPU.Build.0 = Release|Any CPU
		{227C3FE7-9B5A-415C-9435-FE02A1436190}.Release|x64.ActiveCfg = Release|Any CPU
		{227C3FE7-9B5A-415C-9435-FE02A1436190}.Release|x64.Build.0 = Release|Any CPU
		{227C3FE7-9B5A-415C-9435-FE02A1436190}.Release|x86.ActiveCfg = Release|Any CPU
		{227C3FE7-9B5A-415C-9435-FE02A1436190}.Release|x86.Build.0 = Release|Any CPU
		{FA728683-55BF-49D7-83C6-4268464FFE35}.Debug|Any CPU.ActiveCfg = Debug|Any CPU
		{FA728683-55BF-49D7-83C6-4268464FFE35}.Debug|Any CPU.Build.0 = Debug|Any CPU
		{FA728683-55BF-49D7-83C6-4268464FFE35}.Debug|x64.ActiveCfg = Debug|Any CPU
		{FA728683-55BF-49D7-83C6-4268464FFE35}.Debug|x64.Build.0 = Debug|Any CPU
		{FA728683-55BF-49D7-83C6-4268464FFE35}.Debug|x86.ActiveCfg = Debug|Any CPU
		{FA728683-55BF-49D7-83C6-4268464FFE35}.Debug|x86.Build.0 = Debug|Any CPU
		{FA728683-55BF-49D7-83C6-4268464FFE35}.Release|Any CPU.ActiveCfg = Release|Any CPU
		{FA728683-55BF-49D7-83C6-4268464FFE35}.Release|Any CPU.Build.0 = Release|Any CPU
		{FA728683-55BF-49D7-83C6-4268464FFE35}.Release|x64.ActiveCfg = Release|Any CPU
		{FA728683-55BF-49D7-83C6-4268464FFE35}.Release|x64.Build.0 = Release|Any CPU
		{FA728683-55BF-49D7-83C6-4268464FFE35}.Release|x86.ActiveCfg = Release|Any CPU
		{FA728683-55BF-49D7-83C6-4268464FFE35}.Release|x86.Build.0 = Release|Any CPU
		{6851C64F-DD41-4C74-810F-266CB6C2EFEE}.Debug|Any CPU.ActiveCfg = Debug|Any CPU
		{6851C64F-DD41-4C74-810F-266CB6C2EFEE}.Debug|Any CPU.Build.0 = Debug|Any CPU
		{6851C64F-DD41-4C74-810F-266CB6C2EFEE}.Debug|x64.ActiveCfg = Debug|Any CPU
		{6851C64F-DD41-4C74-810F-266CB6C2EFEE}.Debug|x64.Build.0 = Debug|Any CPU
		{6851C64F-DD41-4C74-810F-266CB6C2EFEE}.Debug|x86.ActiveCfg = Debug|Any CPU
		{6851C64F-DD41-4C74-810F-266CB6C2EFEE}.Debug|x86.Build.0 = Debug|Any CPU
		{6851C64F-DD41-4C74-810F-266CB6C2EFEE}.Release|Any CPU.ActiveCfg = Release|Any CPU
		{6851C64F-DD41-4C74-810F-266CB6C2EFEE}.Release|Any CPU.Build.0 = Release|Any CPU
		{6851C64F-DD41-4C74-810F-266CB6C2EFEE}.Release|x64.ActiveCfg = Release|Any CPU
		{6851C64F-DD41-4C74-810F-266CB6C2EFEE}.Release|x64.Build.0 = Release|Any CPU
		{6851C64F-DD41-4C74-810F-266CB6C2EFEE}.Release|x86.ActiveCfg = Release|Any CPU
		{6851C64F-DD41-4C74-810F-266CB6C2EFEE}.Release|x86.Build.0 = Release|Any CPU
		{B43F197D-D240-4140-8D6B-47860FE8FB94}.Debug|Any CPU.ActiveCfg = Debug|Any CPU
		{B43F197D-D240-4140-8D6B-47860FE8FB94}.Debug|Any CPU.Build.0 = Debug|Any CPU
		{B43F197D-D240-4140-8D6B-47860FE8FB94}.Debug|x64.ActiveCfg = Debug|Any CPU
		{B43F197D-D240-4140-8D6B-47860FE8FB94}.Debug|x64.Build.0 = Debug|Any CPU
		{B43F197D-D240-4140-8D6B-47860FE8FB94}.Debug|x86.ActiveCfg = Debug|Any CPU
		{B43F197D-D240-4140-8D6B-47860FE8FB94}.Debug|x86.Build.0 = Debug|Any CPU
		{B43F197D-D240-4140-8D6B-47860FE8FB94}.Release|Any CPU.ActiveCfg = Release|Any CPU
		{B43F197D-D240-4140-8D6B-47860FE8FB94}.Release|Any CPU.Build.0 = Release|Any CPU
		{B43F197D-D240-4140-8D6B-47860FE8FB94}.Release|x64.ActiveCfg = Release|Any CPU
		{B43F197D-D240-4140-8D6B-47860FE8FB94}.Release|x64.Build.0 = Release|Any CPU
		{B43F197D-D240-4140-8D6B-47860FE8FB94}.Release|x86.ActiveCfg = Release|Any CPU
		{B43F197D-D240-4140-8D6B-47860FE8FB94}.Release|x86.Build.0 = Release|Any CPU
		{4B0249E8-F75F-46D9-B0F2-703FEE56DC24}.Debug|Any CPU.ActiveCfg = Debug|Any CPU
		{4B0249E8-F75F-46D9-B0F2-703FEE56DC24}.Debug|Any CPU.Build.0 = Debug|Any CPU
		{4B0249E8-F75F-46D9-B0F2-703FEE56DC24}.Debug|x64.ActiveCfg = Debug|Any CPU
		{4B0249E8-F75F-46D9-B0F2-703FEE56DC24}.Debug|x64.Build.0 = Debug|Any CPU
		{4B0249E8-F75F-46D9-B0F2-703FEE56DC24}.Debug|x86.ActiveCfg = Debug|Any CPU
		{4B0249E8-F75F-46D9-B0F2-703FEE56DC24}.Debug|x86.Build.0 = Debug|Any CPU
		{4B0249E8-F75F-46D9-B0F2-703FEE56DC24}.Release|Any CPU.ActiveCfg = Release|Any CPU
		{4B0249E8-F75F-46D9-B0F2-703FEE56DC24}.Release|Any CPU.Build.0 = Release|Any CPU
		{4B0249E8-F75F-46D9-B0F2-703FEE56DC24}.Release|x64.ActiveCfg = Release|Any CPU
		{4B0249E8-F75F-46D9-B0F2-703FEE56DC24}.Release|x64.Build.0 = Release|Any CPU
		{4B0249E8-F75F-46D9-B0F2-703FEE56DC24}.Release|x86.ActiveCfg = Release|Any CPU
		{4B0249E8-F75F-46D9-B0F2-703FEE56DC24}.Release|x86.Build.0 = Release|Any CPU
		{133F4A37-CAC0-4D7A-9FA8-ED6F72F81AC0}.Debug|Any CPU.ActiveCfg = Debug|Any CPU
		{133F4A37-CAC0-4D7A-9FA8-ED6F72F81AC0}.Debug|Any CPU.Build.0 = Debug|Any CPU
		{133F4A37-CAC0-4D7A-9FA8-ED6F72F81AC0}.Debug|x64.ActiveCfg = Debug|Any CPU
		{133F4A37-CAC0-4D7A-9FA8-ED6F72F81AC0}.Debug|x64.Build.0 = Debug|Any CPU
		{133F4A37-CAC0-4D7A-9FA8-ED6F72F81AC0}.Debug|x86.ActiveCfg = Debug|Any CPU
		{133F4A37-CAC0-4D7A-9FA8-ED6F72F81AC0}.Debug|x86.Build.0 = Debug|Any CPU
		{133F4A37-CAC0-4D7A-9FA8-ED6F72F81AC0}.Release|Any CPU.ActiveCfg = Release|Any CPU
		{133F4A37-CAC0-4D7A-9FA8-ED6F72F81AC0}.Release|Any CPU.Build.0 = Release|Any CPU
		{133F4A37-CAC0-4D7A-9FA8-ED6F72F81AC0}.Release|x64.ActiveCfg = Release|Any CPU
		{133F4A37-CAC0-4D7A-9FA8-ED6F72F81AC0}.Release|x64.Build.0 = Release|Any CPU
		{133F4A37-CAC0-4D7A-9FA8-ED6F72F81AC0}.Release|x86.ActiveCfg = Release|Any CPU
		{133F4A37-CAC0-4D7A-9FA8-ED6F72F81AC0}.Release|x86.Build.0 = Release|Any CPU
		{2A6C5B67-A7F7-4534-A3E4-597FF95A23AD}.Debug|Any CPU.ActiveCfg = Debug|Any CPU
		{2A6C5B67-A7F7-4534-A3E4-597FF95A23AD}.Debug|Any CPU.Build.0 = Debug|Any CPU
		{2A6C5B67-A7F7-4534-A3E4-597FF95A23AD}.Debug|x64.ActiveCfg = Debug|Any CPU
		{2A6C5B67-A7F7-4534-A3E4-597FF95A23AD}.Debug|x64.Build.0 = Debug|Any CPU
		{2A6C5B67-A7F7-4534-A3E4-597FF95A23AD}.Debug|x86.ActiveCfg = Debug|Any CPU
		{2A6C5B67-A7F7-4534-A3E4-597FF95A23AD}.Debug|x86.Build.0 = Debug|Any CPU
		{2A6C5B67-A7F7-4534-A3E4-597FF95A23AD}.Release|Any CPU.ActiveCfg = Release|Any CPU
		{2A6C5B67-A7F7-4534-A3E4-597FF95A23AD}.Release|Any CPU.Build.0 = Release|Any CPU
		{2A6C5B67-A7F7-4534-A3E4-597FF95A23AD}.Release|x64.ActiveCfg = Release|Any CPU
		{2A6C5B67-A7F7-4534-A3E4-597FF95A23AD}.Release|x64.Build.0 = Release|Any CPU
		{2A6C5B67-A7F7-4534-A3E4-597FF95A23AD}.Release|x86.ActiveCfg = Release|Any CPU
		{2A6C5B67-A7F7-4534-A3E4-597FF95A23AD}.Release|x86.Build.0 = Release|Any CPU
		{616D141A-2BFF-4E5D-AE69-E68A30889711}.Debug|Any CPU.ActiveCfg = Debug|Any CPU
		{616D141A-2BFF-4E5D-AE69-E68A30889711}.Debug|Any CPU.Build.0 = Debug|Any CPU
		{616D141A-2BFF-4E5D-AE69-E68A30889711}.Debug|x64.ActiveCfg = Debug|Any CPU
		{616D141A-2BFF-4E5D-AE69-E68A30889711}.Debug|x64.Build.0 = Debug|Any CPU
		{616D141A-2BFF-4E5D-AE69-E68A30889711}.Debug|x86.ActiveCfg = Debug|Any CPU
		{616D141A-2BFF-4E5D-AE69-E68A30889711}.Debug|x86.Build.0 = Debug|Any CPU
		{616D141A-2BFF-4E5D-AE69-E68A30889711}.Release|Any CPU.ActiveCfg = Release|Any CPU
		{616D141A-2BFF-4E5D-AE69-E68A30889711}.Release|Any CPU.Build.0 = Release|Any CPU
		{616D141A-2BFF-4E5D-AE69-E68A30889711}.Release|x64.ActiveCfg = Release|Any CPU
		{616D141A-2BFF-4E5D-AE69-E68A30889711}.Release|x64.Build.0 = Release|Any CPU
		{616D141A-2BFF-4E5D-AE69-E68A30889711}.Release|x86.ActiveCfg = Release|Any CPU
		{616D141A-2BFF-4E5D-AE69-E68A30889711}.Release|x86.Build.0 = Release|Any CPU
		{CBB5DAC2-A02D-47B6-8E20-B1696D550C11}.Debug|Any CPU.ActiveCfg = Debug|Any CPU
		{CBB5DAC2-A02D-47B6-8E20-B1696D550C11}.Debug|Any CPU.Build.0 = Debug|Any CPU
		{CBB5DAC2-A02D-47B6-8E20-B1696D550C11}.Debug|x64.ActiveCfg = Debug|Any CPU
		{CBB5DAC2-A02D-47B6-8E20-B1696D550C11}.Debug|x64.Build.0 = Debug|Any CPU
		{CBB5DAC2-A02D-47B6-8E20-B1696D550C11}.Debug|x86.ActiveCfg = Debug|Any CPU
		{CBB5DAC2-A02D-47B6-8E20-B1696D550C11}.Debug|x86.Build.0 = Debug|Any CPU
		{CBB5DAC2-A02D-47B6-8E20-B1696D550C11}.Release|Any CPU.ActiveCfg = Release|Any CPU
		{CBB5DAC2-A02D-47B6-8E20-B1696D550C11}.Release|Any CPU.Build.0 = Release|Any CPU
		{CBB5DAC2-A02D-47B6-8E20-B1696D550C11}.Release|x64.ActiveCfg = Release|Any CPU
		{CBB5DAC2-A02D-47B6-8E20-B1696D550C11}.Release|x64.Build.0 = Release|Any CPU
		{CBB5DAC2-A02D-47B6-8E20-B1696D550C11}.Release|x86.ActiveCfg = Release|Any CPU
		{CBB5DAC2-A02D-47B6-8E20-B1696D550C11}.Release|x86.Build.0 = Release|Any CPU
		{4F186087-86BE-46D4-91EB-30B15DF99096}.Debug|Any CPU.ActiveCfg = Debug|Any CPU
		{4F186087-86BE-46D4-91EB-30B15DF99096}.Debug|Any CPU.Build.0 = Debug|Any CPU
		{4F186087-86BE-46D4-91EB-30B15DF99096}.Debug|x64.ActiveCfg = Debug|Any CPU
		{4F186087-86BE-46D4-91EB-30B15DF99096}.Debug|x64.Build.0 = Debug|Any CPU
		{4F186087-86BE-46D4-91EB-30B15DF99096}.Debug|x86.ActiveCfg = Debug|Any CPU
		{4F186087-86BE-46D4-91EB-30B15DF99096}.Debug|x86.Build.0 = Debug|Any CPU
		{4F186087-86BE-46D4-91EB-30B15DF99096}.Release|Any CPU.ActiveCfg = Release|Any CPU
		{4F186087-86BE-46D4-91EB-30B15DF99096}.Release|Any CPU.Build.0 = Release|Any CPU
		{4F186087-86BE-46D4-91EB-30B15DF99096}.Release|x64.ActiveCfg = Release|Any CPU
		{4F186087-86BE-46D4-91EB-30B15DF99096}.Release|x64.Build.0 = Release|Any CPU
		{4F186087-86BE-46D4-91EB-30B15DF99096}.Release|x86.ActiveCfg = Release|Any CPU
		{4F186087-86BE-46D4-91EB-30B15DF99096}.Release|x86.Build.0 = Release|Any CPU
		{0ECF0E28-70FE-4F05-83E2-BA8951FA9438}.Debug|Any CPU.ActiveCfg = Debug|Any CPU
		{0ECF0E28-70FE-4F05-83E2-BA8951FA9438}.Debug|Any CPU.Build.0 = Debug|Any CPU
		{0ECF0E28-70FE-4F05-83E2-BA8951FA9438}.Debug|x64.ActiveCfg = Debug|Any CPU
		{0ECF0E28-70FE-4F05-83E2-BA8951FA9438}.Debug|x64.Build.0 = Debug|Any CPU
		{0ECF0E28-70FE-4F05-83E2-BA8951FA9438}.Debug|x86.ActiveCfg = Debug|Any CPU
		{0ECF0E28-70FE-4F05-83E2-BA8951FA9438}.Debug|x86.Build.0 = Debug|Any CPU
		{0ECF0E28-70FE-4F05-83E2-BA8951FA9438}.Release|Any CPU.ActiveCfg = Release|Any CPU
		{0ECF0E28-70FE-4F05-83E2-BA8951FA9438}.Release|Any CPU.Build.0 = Release|Any CPU
		{0ECF0E28-70FE-4F05-83E2-BA8951FA9438}.Release|x64.ActiveCfg = Release|Any CPU
		{0ECF0E28-70FE-4F05-83E2-BA8951FA9438}.Release|x64.Build.0 = Release|Any CPU
		{0ECF0E28-70FE-4F05-83E2-BA8951FA9438}.Release|x86.ActiveCfg = Release|Any CPU
		{0ECF0E28-70FE-4F05-83E2-BA8951FA9438}.Release|x86.Build.0 = Release|Any CPU
		{A5598ED9-5C57-4AEC-94D7-3BB461D316B7}.Debug|Any CPU.ActiveCfg = Debug|Any CPU
		{A5598ED9-5C57-4AEC-94D7-3BB461D316B7}.Debug|Any CPU.Build.0 = Debug|Any CPU
		{A5598ED9-5C57-4AEC-94D7-3BB461D316B7}.Debug|x64.ActiveCfg = Debug|Any CPU
		{A5598ED9-5C57-4AEC-94D7-3BB461D316B7}.Debug|x64.Build.0 = Debug|Any CPU
		{A5598ED9-5C57-4AEC-94D7-3BB461D316B7}.Debug|x86.ActiveCfg = Debug|Any CPU
		{A5598ED9-5C57-4AEC-94D7-3BB461D316B7}.Debug|x86.Build.0 = Debug|Any CPU
		{A5598ED9-5C57-4AEC-94D7-3BB461D316B7}.Release|Any CPU.ActiveCfg = Release|Any CPU
		{A5598ED9-5C57-4AEC-94D7-3BB461D316B7}.Release|Any CPU.Build.0 = Release|Any CPU
		{A5598ED9-5C57-4AEC-94D7-3BB461D316B7}.Release|x64.ActiveCfg = Release|Any CPU
		{A5598ED9-5C57-4AEC-94D7-3BB461D316B7}.Release|x64.Build.0 = Release|Any CPU
		{A5598ED9-5C57-4AEC-94D7-3BB461D316B7}.Release|x86.ActiveCfg = Release|Any CPU
		{A5598ED9-5C57-4AEC-94D7-3BB461D316B7}.Release|x86.Build.0 = Release|Any CPU
		{FFEB3907-0441-4565-9B03-BEEF83A31D84}.Debug|Any CPU.ActiveCfg = Debug|Any CPU
		{FFEB3907-0441-4565-9B03-BEEF83A31D84}.Debug|Any CPU.Build.0 = Debug|Any CPU
		{FFEB3907-0441-4565-9B03-BEEF83A31D84}.Debug|x64.ActiveCfg = Debug|Any CPU
		{FFEB3907-0441-4565-9B03-BEEF83A31D84}.Debug|x64.Build.0 = Debug|Any CPU
		{FFEB3907-0441-4565-9B03-BEEF83A31D84}.Debug|x86.ActiveCfg = Debug|Any CPU
		{FFEB3907-0441-4565-9B03-BEEF83A31D84}.Debug|x86.Build.0 = Debug|Any CPU
		{FFEB3907-0441-4565-9B03-BEEF83A31D84}.Release|Any CPU.ActiveCfg = Release|Any CPU
		{FFEB3907-0441-4565-9B03-BEEF83A31D84}.Release|Any CPU.Build.0 = Release|Any CPU
		{FFEB3907-0441-4565-9B03-BEEF83A31D84}.Release|x64.ActiveCfg = Release|Any CPU
		{FFEB3907-0441-4565-9B03-BEEF83A31D84}.Release|x64.Build.0 = Release|Any CPU
		{FFEB3907-0441-4565-9B03-BEEF83A31D84}.Release|x86.ActiveCfg = Release|Any CPU
		{FFEB3907-0441-4565-9B03-BEEF83A31D84}.Release|x86.Build.0 = Release|Any CPU
		{F8526082-AC02-4F5D-94E4-4D841E299562}.Debug|Any CPU.ActiveCfg = Debug|Any CPU
		{F8526082-AC02-4F5D-94E4-4D841E299562}.Debug|Any CPU.Build.0 = Debug|Any CPU
		{F8526082-AC02-4F5D-94E4-4D841E299562}.Debug|x64.ActiveCfg = Debug|Any CPU
		{F8526082-AC02-4F5D-94E4-4D841E299562}.Debug|x64.Build.0 = Debug|Any CPU
		{F8526082-AC02-4F5D-94E4-4D841E299562}.Debug|x86.ActiveCfg = Debug|Any CPU
		{F8526082-AC02-4F5D-94E4-4D841E299562}.Debug|x86.Build.0 = Debug|Any CPU
		{F8526082-AC02-4F5D-94E4-4D841E299562}.Release|Any CPU.ActiveCfg = Release|Any CPU
		{F8526082-AC02-4F5D-94E4-4D841E299562}.Release|Any CPU.Build.0 = Release|Any CPU
		{F8526082-AC02-4F5D-94E4-4D841E299562}.Release|x64.ActiveCfg = Release|Any CPU
		{F8526082-AC02-4F5D-94E4-4D841E299562}.Release|x64.Build.0 = Release|Any CPU
		{F8526082-AC02-4F5D-94E4-4D841E299562}.Release|x86.ActiveCfg = Release|Any CPU
		{F8526082-AC02-4F5D-94E4-4D841E299562}.Release|x86.Build.0 = Release|Any CPU
		{19F2829F-FA78-4EC4-BD6E-91B8A7DD4E4C}.Debug|Any CPU.ActiveCfg = Debug|Any CPU
		{19F2829F-FA78-4EC4-BD6E-91B8A7DD4E4C}.Debug|Any CPU.Build.0 = Debug|Any CPU
		{19F2829F-FA78-4EC4-BD6E-91B8A7DD4E4C}.Debug|x64.ActiveCfg = Debug|Any CPU
		{19F2829F-FA78-4EC4-BD6E-91B8A7DD4E4C}.Debug|x64.Build.0 = Debug|Any CPU
		{19F2829F-FA78-4EC4-BD6E-91B8A7DD4E4C}.Debug|x86.ActiveCfg = Debug|Any CPU
		{19F2829F-FA78-4EC4-BD6E-91B8A7DD4E4C}.Debug|x86.Build.0 = Debug|Any CPU
		{19F2829F-FA78-4EC4-BD6E-91B8A7DD4E4C}.Release|Any CPU.ActiveCfg = Release|Any CPU
		{19F2829F-FA78-4EC4-BD6E-91B8A7DD4E4C}.Release|Any CPU.Build.0 = Release|Any CPU
		{19F2829F-FA78-4EC4-BD6E-91B8A7DD4E4C}.Release|x64.ActiveCfg = Release|Any CPU
		{19F2829F-FA78-4EC4-BD6E-91B8A7DD4E4C}.Release|x64.Build.0 = Release|Any CPU
		{19F2829F-FA78-4EC4-BD6E-91B8A7DD4E4C}.Release|x86.ActiveCfg = Release|Any CPU
		{19F2829F-FA78-4EC4-BD6E-91B8A7DD4E4C}.Release|x86.Build.0 = Release|Any CPU
	EndGlobalSection
	GlobalSection(SolutionProperties) = preSolution
		HideSolutionNode = FALSE
	EndGlobalSection
	GlobalSection(ExtensibilityGlobals) = postSolution
		SolutionGuid = {70876236-4A54-4E5D-AC8D-BE81511B4BDF}
	EndGlobalSection
EndGlobal
